// !$*UTF8*$!
{
	archiveVersion = 1;
	classes = {
	};
	objectVersion = 46;
	objects = {

/* Begin PBXBuildFile section */
		88226C741A7CF2CB002A7E86 /* AppDelegate.swift in Sources */ = {isa = PBXBuildFile; fileRef = 88226C731A7CF2CB002A7E86 /* AppDelegate.swift */; };
		88226C761A7CF2CB002A7E86 /* ViewController.swift in Sources */ = {isa = PBXBuildFile; fileRef = 88226C751A7CF2CB002A7E86 /* ViewController.swift */; };
		88226C791A7CF2CB002A7E86 /* Main.storyboard in Resources */ = {isa = PBXBuildFile; fileRef = 88226C771A7CF2CB002A7E86 /* Main.storyboard */; };
		88226C7B1A7CF2CB002A7E86 /* Images.xcassets in Resources */ = {isa = PBXBuildFile; fileRef = 88226C7A1A7CF2CB002A7E86 /* Images.xcassets */; };
		88226C7E1A7CF2CB002A7E86 /* LaunchScreen.xib in Resources */ = {isa = PBXBuildFile; fileRef = 88226C7C1A7CF2CB002A7E86 /* LaunchScreen.xib */; };
		88226C8A1A7CF2CB002A7E86 /* ReadWritePlistTutorialTests.swift in Sources */ = {isa = PBXBuildFile; fileRef = 88226C891A7CF2CB002A7E86 /* ReadWritePlistTutorialTests.swift */; };
		88226C941A7CF41C002A7E86 /* GameData.plist in Resources */ = {isa = PBXBuildFile; fileRef = 88226C931A7CF41C002A7E86 /* GameData.plist */; };
/* End PBXBuildFile section */

/* Begin PBXContainerItemProxy section */
		88226C841A7CF2CB002A7E86 /* PBXContainerItemProxy */ = {
			isa = PBXContainerItemProxy;
			containerPortal = 88226C661A7CF2CB002A7E86 /* Project object */;
			proxyType = 1;
			remoteGlobalIDString = 88226C6D1A7CF2CB002A7E86;
			remoteInfo = ReadWritePlistTutorial;
		};
/* End PBXContainerItemProxy section */

/* Begin PBXFileReference section */
		88226C6E1A7CF2CB002A7E86 /* ReadWritePlistTutorial.app */ = {isa = PBXFileReference; explicitFileType = wrapper.application; includeInIndex = 0; path = ReadWritePlistTutorial.app; sourceTree = BUILT_PRODUCTS_DIR; };
		88226C721A7CF2CB002A7E86 /* Info.plist */ = {isa = PBXFileReference; lastKnownFileType = text.plist.xml; path = Info.plist; sourceTree = "<group>"; };
		88226C731A7CF2CB002A7E86 /* AppDelegate.swift */ = {isa = PBXFileReference; lastKnownFileType = sourcecode.swift; path = AppDelegate.swift; sourceTree = "<group>"; };
		88226C751A7CF2CB002A7E86 /* ViewController.swift */ = {isa = PBXFileReference; lastKnownFileType = sourcecode.swift; path = ViewController.swift; sourceTree = "<group>"; };
		88226C781A7CF2CB002A7E86 /* Base */ = {isa = PBXFileReference; lastKnownFileType = file.storyboard; name = Base; path = Base.lproj/Main.storyboard; sourceTree = "<group>"; };
		88226C7A1A7CF2CB002A7E86 /* Images.xcassets */ = {isa = PBXFileReference; lastKnownFileType = folder.assetcatalog; path = Images.xcassets; sourceTree = "<group>"; };
		88226C7D1A7CF2CB002A7E86 /* Base */ = {isa = PBXFileReference; lastKnownFileType = file.xib; name = Base; path = Base.lproj/LaunchScreen.xib; sourceTree = "<group>"; };
		88226C831A7CF2CB002A7E86 /* ReadWritePlistTutorialTests.xctest */ = {isa = PBXFileReference; explicitFileType = wrapper.cfbundle; includeInIndex = 0; path = ReadWritePlistTutorialTests.xctest; sourceTree = BUILT_PRODUCTS_DIR; };
		88226C881A7CF2CB002A7E86 /* Info.plist */ = {isa = PBXFileReference; lastKnownFileType = text.plist.xml; path = Info.plist; sourceTree = "<group>"; };
		88226C891A7CF2CB002A7E86 /* ReadWritePlistTutorialTests.swift */ = {isa = PBXFileReference; lastKnownFileType = sourcecode.swift; path = ReadWritePlistTutorialTests.swift; sourceTree = "<group>"; };
		88226C931A7CF41C002A7E86 /* GameData.plist */ = {isa = PBXFileReference; fileEncoding = 4; lastKnownFileType = text.plist.xml; path = GameData.plist; sourceTree = "<group>"; };
/* End PBXFileReference section */

/* Begin PBXFrameworksBuildPhase section */
		88226C6B1A7CF2CB002A7E86 /* Frameworks */ = {
			isa = PBXFrameworksBuildPhase;
			buildActionMask = 2147483647;
			files = (
			);
			runOnlyForDeploymentPostprocessing = 0;
		};
		88226C801A7CF2CB002A7E86 /* Frameworks */ = {
			isa = PBXFrameworksBuildPhase;
			buildActionMask = 2147483647;
			files = (
			);
			runOnlyForDeploymentPostprocessing = 0;
		};
/* End PBXFrameworksBuildPhase section */

/* Begin PBXGroup section */
		88226C651A7CF2CB002A7E86 = {
			isa = PBXGroup;
			children = (
				88226C701A7CF2CB002A7E86 /* ReadWritePlistTutorial */,
				88226C861A7CF2CB002A7E86 /* ReadWritePlistTutorialTests */,
				88226C6F1A7CF2CB002A7E86 /* Products */,
			);
			sourceTree = "<group>";
		};
		88226C6F1A7CF2CB002A7E86 /* Products */ = {
			isa = PBXGroup;
			children = (
				88226C6E1A7CF2CB002A7E86 /* ReadWritePlistTutorial.app */,
				88226C831A7CF2CB002A7E86 /* ReadWritePlistTutorialTests.xctest */,
			);
			name = Products;
			sourceTree = "<group>";
		};
		88226C701A7CF2CB002A7E86 /* ReadWritePlistTutorial */ = {
			isa = PBXGroup;
			children = (
				88226C931A7CF41C002A7E86 /* GameData.plist */,
				88226C731A7CF2CB002A7E86 /* AppDelegate.swift */,
				88226C751A7CF2CB002A7E86 /* ViewController.swift */,
				88226C771A7CF2CB002A7E86 /* Main.storyboard */,
				88226C7A1A7CF2CB002A7E86 /* Images.xcassets */,
				88226C7C1A7CF2CB002A7E86 /* LaunchScreen.xib */,
				88226C711A7CF2CB002A7E86 /* Supporting Files */,
			);
			path = ReadWritePlistTutorial;
			sourceTree = "<group>";
		};
		88226C711A7CF2CB002A7E86 /* Supporting Files */ = {
			isa = PBXGroup;
			children = (
				88226C721A7CF2CB002A7E86 /* Info.plist */,
			);
			name = "Supporting Files";
			sourceTree = "<group>";
		};
		88226C861A7CF2CB002A7E86 /* ReadWritePlistTutorialTests */ = {
			isa = PBXGroup;
			children = (
				88226C891A7CF2CB002A7E86 /* ReadWritePlistTutorialTests.swift */,
				88226C871A7CF2CB002A7E86 /* Supporting Files */,
			);
			path = ReadWritePlistTutorialTests;
			sourceTree = "<group>";
		};
		88226C871A7CF2CB002A7E86 /* Supporting Files */ = {
			isa = PBXGroup;
			children = (
				88226C881A7CF2CB002A7E86 /* Info.plist */,
			);
			name = "Supporting Files";
			sourceTree = "<group>";
		};
/* End PBXGroup section */

/* Begin PBXNativeTarget section */
		88226C6D1A7CF2CB002A7E86 /* ReadWritePlistTutorial */ = {
			isa = PBXNativeTarget;
			buildConfigurationList = 88226C8D1A7CF2CB002A7E86 /* Build configuration list for PBXNativeTarget "ReadWritePlistTutorial" */;
			buildPhases = (
				88226C6A1A7CF2CB002A7E86 /* Sources */,
				88226C6B1A7CF2CB002A7E86 /* Frameworks */,
				88226C6C1A7CF2CB002A7E86 /* Resources */,
			);
			buildRules = (
			);
			dependencies = (
			);
			name = ReadWritePlistTutorial;
			productName = ReadWritePlistTutorial;
			productReference = 88226C6E1A7CF2CB002A7E86 /* ReadWritePlistTutorial.app */;
			productType = "com.apple.product-type.application";
		};
		88226C821A7CF2CB002A7E86 /* ReadWritePlistTutorialTests */ = {
			isa = PBXNativeTarget;
			buildConfigurationList = 88226C901A7CF2CB002A7E86 /* Build configuration list for PBXNativeTarget "ReadWritePlistTutorialTests" */;
			buildPhases = (
				88226C7F1A7CF2CB002A7E86 /* Sources */,
				88226C801A7CF2CB002A7E86 /* Frameworks */,
				88226C811A7CF2CB002A7E86 /* Resources */,
			);
			buildRules = (
			);
			dependencies = (
				88226C851A7CF2CB002A7E86 /* PBXTargetDependency */,
			);
			name = ReadWritePlistTutorialTests;
			productName = ReadWritePlistTutorialTests;
			productReference = 88226C831A7CF2CB002A7E86 /* ReadWritePlistTutorialTests.xctest */;
			productType = "com.apple.product-type.bundle.unit-test";
		};
/* End PBXNativeTarget section */

/* Begin PBXProject section */
		88226C661A7CF2CB002A7E86 /* Project object */ = {
			isa = PBXProject;
			attributes = {
				LastUpgradeCheck = 0610;
				ORGANIZATIONNAME = Rebeloper;
				TargetAttributes = {
					88226C6D1A7CF2CB002A7E86 = {
						CreatedOnToolsVersion = 6.1.1;
					};
					88226C821A7CF2CB002A7E86 = {
						CreatedOnToolsVersion = 6.1.1;
						TestTargetID = 88226C6D1A7CF2CB002A7E86;
					};
				};
			};
			buildConfigurationList = 88226C691A7CF2CB002A7E86 /* Build configuration list for PBXProject "ReadWritePlistTutorial" */;
			compatibilityVersion = "Xcode 3.2";
			developmentRegion = English;
			hasScannedForEncodings = 0;
			knownRegions = (
				en,
				Base,
			);
			mainGroup = 88226C651A7CF2CB002A7E86;
			productRefGroup = 88226C6F1A7CF2CB002A7E86 /* Products */;
			projectDirPath = "";
			projectRoot = "";
			targets = (
				88226C6D1A7CF2CB002A7E86 /* ReadWritePlistTutorial */,
				88226C821A7CF2CB002A7E86 /* ReadWritePlistTutorialTests */,
			);
		};
/* End PBXProject section */

/* Begin PBXResourcesBuildPhase section */
		88226C6C1A7CF2CB002A7E86 /* Resources */ = {
			isa = PBXResourcesBuildPhase;
			buildActionMask = 2147483647;
			files = (
				88226C941A7CF41C002A7E86 /* GameData.plist in Resources */,
				88226C791A7CF2CB002A7E86 /* Main.storyboard in Resources */,
				88226C7E1A7CF2CB002A7E86 /* LaunchScreen.xib in Resources */,
				88226C7B1A7CF2CB002A7E86 /* Images.xcassets in Resources */,
			);
			runOnlyForDeploymentPostprocessing = 0;
		};
		88226C811A7CF2CB002A7E86 /* Resources */ = {
			isa = PBXResourcesBuildPhase;
			buildActionMask = 2147483647;
			files = (
			);
			runOnlyForDeploymentPostprocessing = 0;
		};
/* End PBXResourcesBuildPhase section */

/* Begin PBXSourcesBuildPhase section */
		88226C6A1A7CF2CB002A7E86 /* Sources */ = {
			isa = PBXSourcesBuildPhase;
			buildActionMask = 2147483647;
			files = (
				88226C761A7CF2CB002A7E86 /* ViewController.swift in Sources */,
				88226C741A7CF2CB002A7E86 /* AppDelegate.swift in Sources */,
			);
			runOnlyForDeploymentPostprocessing = 0;
		};
		88226C7F1A7CF2CB002A7E86 /* Sources */ = {
			isa = PBXSourcesBuildPhase;
			buildActionMask = 2147483647;
			files = (
				88226C8A1A7CF2CB002A7E86 /* ReadWritePlistTutorialTests.swift in Sources */,
			);
			runOnlyForDeploymentPostprocessing = 0;
		};
/* End PBXSourcesBuildPhase section */

/* Begin PBXTargetDependency section */
		88226C851A7CF2CB002A7E86 /* PBXTargetDependency */ = {
			isa = PBXTargetDependency;
			target = 88226C6D1A7CF2CB002A7E86 /* ReadWritePlistTutorial */;
			targetProxy = 88226C841A7CF2CB002A7E86 /* PBXContainerItemProxy */;
		};
/* End PBXTargetDependency section */

/* Begin PBXVariantGroup section */
		88226C771A7CF2CB002A7E86 /* Main.storyboard */ = {
			isa = PBXVariantGroup;
			children = (
				88226C781A7CF2CB002A7E86 /* Base */,
			);
			name = Main.storyboard;
			sourceTree = "<group>";
		};
		88226C7C1A7CF2CB002A7E86 /* LaunchScreen.xib */ = {
			isa = PBXVariantGroup;
			children = (
				88226C7D1A7CF2CB002A7E86 /* Base */,
			);
			name = LaunchScreen.xib;
			sourceTree = "<group>";
		};
/* End PBXVariantGroup section */

/* Begin XCBuildConfiguration section */
		88226C8B1A7CF2CB002A7E86 /* Debug */ = {
			isa = XCBuildConfiguration;
			buildSettings = {
				ALWAYS_SEARCH_USER_PATHS = NO;
				CLANG_CXX_LANGUAGE_STANDARD = "gnu++0x";
				CLANG_CXX_LIBRARY = "libc++";
				CLANG_ENABLE_MODULES = YES;
				CLANG_ENABLE_OBJC_ARC = YES;
				CLANG_WARN_BOOL_CONVERSION = YES;
				CLANG_WARN_CONSTANT_CONVERSION = YES;
				CLANG_WARN_DIRECT_OBJC_ISA_USAGE = YES_ERROR;
				CLANG_WARN_EMPTY_BODY = YES;
				CLANG_WARN_ENUM_CONVERSION = YES;
				CLANG_WARN_INT_CONVERSION = YES;
				CLANG_WARN_OBJC_ROOT_CLASS = YES_ERROR;
				CLANG_WARN_UNREACHABLE_CODE = YES;
				CLANG_WARN__DUPLICATE_METHOD_MATCH = YES;
				"CODE_SIGN_IDENTITY[sdk=iphoneos*]" = "iPhone Developer";
				COPY_PHASE_STRIP = NO;
				ENABLE_STRICT_OBJC_MSGSEND = YES;
				GCC_C_LANGUAGE_STANDARD = gnu99;
				GCC_DYNAMIC_NO_PIC = NO;
				GCC_OPTIMIZATION_LEVEL = 0;
				GCC_PREPROCESSOR_DEFINITIONS = (
					"DEBUG=1",
					"$(inherited)",
				);
				GCC_SYMBOLS_PRIVATE_EXTERN = NO;
				GCC_WARN_64_TO_32_BIT_CONVERSION = YES;
				GCC_WARN_ABOUT_RETURN_TYPE = YES_ERROR;
				GCC_WARN_UNDECLARED_SELECTOR = YES;
				GCC_WARN_UNINITIALIZED_AUTOS = YES_AGGRESSIVE;
				GCC_WARN_UNUSED_FUNCTION = YES;
				GCC_WARN_UNUSED_VARIABLE = YES;
				IPHONEOS_DEPLOYMENT_TARGET = 8.1;
				MTL_ENABLE_DEBUG_INFO = YES;
				ONLY_ACTIVE_ARCH = YES;
				SDKROOT = iphoneos;
				SWIFT_OPTIMIZATION_LEVEL = "-Onone";
				TARGETED_DEVICE_FAMILY = "1,2";
			};
			name = Debug;
		};
		88226C8C1A7CF2CB002A7E86 /* Release */ = {
			isa = XCBuildConfiguration;
			buildSettings = {
				ALWAYS_SEARCH_USER_PATHS = NO;
				CLANG_CXX_LANGUAGE_STANDARD = "gnu++0x";
				CLANG_CXX_LIBRARY = "libc++";
				CLANG_ENABLE_MODULES = YES;
				CLANG_ENABLE_OBJC_ARC = YES;
				CLANG_WARN_BOOL_CONVERSION = YES;
				CLANG_WARN_CONSTANT_CONVERSION = YES;
				CLANG_WARN_DIRECT_OBJC_ISA_USAGE = YES_ERROR;
				CLANG_WARN_EMPTY_BODY = YES;
				CLANG_WARN_ENUM_CONVERSION = YES;
				CLANG_WARN_INT_CONVERSION = YES;
				CLANG_WARN_OBJC_ROOT_CLASS = YES_ERROR;
				CLANG_WARN_UNREACHABLE_CODE = YES;
				CLANG_WARN__DUPLICATE_METHOD_MATCH = YES;
				"CODE_SIGN_IDENTITY[sdk=iphoneos*]" = "iPhone Developer";
				COPY_PHASE_STRIP = YES;
				ENABLE_NS_ASSERTIONS = NO;
				ENABLE_STRICT_OBJC_MSGSEND = YES;
				GCC_C_LANGUAGE_STANDARD = gnu99;
				GCC_WARN_64_TO_32_BIT_CONVERSION = YES;
				GCC_WARN_ABOUT_RETURN_TYPE = YES_ERROR;
				GCC_WARN_UNDECLARED_SELECTOR = YES;
				GCC_WARN_UNINITIALIZED_AUTOS = YES_AGGRESSIVE;
				GCC_WARN_UNUSED_FUNCTION = YES;
				GCC_WARN_UNUSED_VARIABLE = YES;
				IPHONEOS_DEPLOYMENT_TARGET = 8.1;
				MTL_ENABLE_DEBUG_INFO = NO;
				SDKROOT = iphoneos;
				TARGETED_DEVICE_FAMILY = "1,2";
				VALIDATE_PRODUCT = YES;
			};
			name = Release;
		};
		88226C8E1A7CF2CB002A7E86 /* Debug */ = {
			isa = XCBuildConfiguration;
			buildSettings = {
				ASSETCATALOG_COMPILER_APPICON_NAME = AppIcon;
				INFOPLIST_FILE = ReadWritePlistTutorial/Info.plist;
				LD_RUNPATH_SEARCH_PATHS = "$(inherited) @executable_path/Frameworks";
				PRODUCT_NAME = "$(TARGET_NAME)";
			};
			name = Debug;
		};
		88226C8F1A7CF2CB002A7E86 /* Release */ = {
			isa = XCBuildConfiguration;
			buildSettings = {
				ASSETCATALOG_COMPILER_APPICON_NAME = AppIcon;
				INFOPLIST_FILE = ReadWritePlistTutorial/Info.plist;
				LD_RUNPATH_SEARCH_PATHS = "$(inherited) @executable_path/Frameworks";
				PRODUCT_NAME = "$(TARGET_NAME)";
			};
			name = Release;
		};
		88226C911A7CF2CB002A7E86 /* Debug */ = {
			isa = XCBuildConfiguration;
			buildSettings = {
				BUNDLE_LOADER = "$(TEST_HOST)";
				FRAMEWORK_SEARCH_PATHS = (
					"$(SDKROOT)/Developer/Library/Frameworks",
					"$(inherited)",
				);
				GCC_PREPROCESSOR_DEFINITIONS = (
					"DEBUG=1",
					"$(inherited)",
				);
				INFOPLIST_FILE = ReadWritePlistTutorialTests/Info.plist;
				LD_RUNPATH_SEARCH_PATHS = "$(inherited) @executable_path/Frameworks @loader_path/Frameworks";
				PRODUCT_NAME = "$(TARGET_NAME)";
				TEST_HOST = "$(BUILT_PRODUCTS_DIR)/ReadWritePlistTutorial.app/ReadWritePlistTutorial";
			};
			name = Debug;
		};
		88226C921A7CF2CB002A7E86 /* Release */ = {
			isa = XCBuildConfiguration;
			buildSettings = {
				BUNDLE_LOADER = "$(TEST_HOST)";
				FRAMEWORK_SEARCH_PATHS = (
					"$(SDKROOT)/Developer/Library/Frameworks",
					"$(inherited)",
				);
				INFOPLIST_FILE = ReadWritePlistTutorialTests/Info.plist;
				LD_RUNPATH_SEARCH_PATHS = "$(inherited) @executable_path/Frameworks @loader_path/Frameworks";
				PRODUCT_NAME = "$(TARGET_NAME)";
				TEST_HOST = "$(BUILT_PRODUCTS_DIR)/ReadWritePlistTutorial.app/ReadWritePlistTutorial";
			};
			name = Release;
		};
/* End XCBuildConfiguration section */

/* Begin XCConfigurationList section */
		88226C691A7CF2CB002A7E86 /* Build configuration list for PBXProject "ReadWritePlistTutorial" */ = {
			isa = XCConfigurationList;
			buildConfigurations = (
				88226C8B1A7CF2CB002A7E86 /* Debug */,
				88226C8C1A7CF2CB002A7E86 /* Release */,
			);
			defaultConfigurationIsVisible = 0;
			defaultConfigurationName = Release;
		};
		88226C8D1A7CF2CB002A7E86 /* Build configuration list for PBXNativeTarget "ReadWritePlistTutorial" */ = {
			isa = XCConfigurationList;
			buildConfigurations = (
				88226C8E1A7CF2CB002A7E86 /* Debug */,
				88226C8F1A7CF2CB002A7E86 /* Release */,
			);
			defaultConfigurationIsVisible = 0;
		};
		88226C901A7CF2CB002A7E86 /* Build configuration list for PBXNativeTarget "ReadWritePlistTutorialTests" */ = {
			isa = XCConfigurationList;
			buildConfigurations = (
				88226C911A7CF2CB002A7E86 /* Debug */,
				88226C921A7CF2CB002A7E86 /* Release */,
			);
			defaultConfigurationIsVisible = 0;
		};
/* End XCConfigurationList section */
	};
	rootObject = 88226C661A7CF2CB002A7E86 /* Project object */;
}
